// !$*UTF8*$!
{
	archiveVersion = 1;
	classes = {
	};
	objectVersion = 46;
	objects = {

/* Begin PBXBuildFile section */
		F8EBDE0D1B1DF1D90071579B /* main.m in Sources */ = {isa = PBXBuildFile; fileRef = F8EBDE0C1B1DF1D90071579B /* main.m */; };
		F8EBDE101B1DF1D90071579B /* AppDelegate.m in Sources */ = {isa = PBXBuildFile; fileRef = F8EBDE0F1B1DF1D90071579B /* AppDelegate.m */; };
		F8EBDE131B1DF1D90071579B /* ViewController.m in Sources */ = {isa = PBXBuildFile; fileRef = F8EBDE121B1DF1D90071579B /* ViewController.m */; };
		F8EBDE161B1DF1D90071579B /* Main.storyboard in Resources */ = {isa = PBXBuildFile; fileRef = F8EBDE141B1DF1D90071579B /* Main.storyboard */; };
		F8EBDE181B1DF1D90071579B /* Images.xcassets in Resources */ = {isa = PBXBuildFile; fileRef = F8EBDE171B1DF1D90071579B /* Images.xcassets */; };
		F8EBDE1B1B1DF1D90071579B /* LaunchScreen.xib in Resources */ = {isa = PBXBuildFile; fileRef = F8EBDE191B1DF1D90071579B /* LaunchScreen.xib */; };
		F8EBDE271B1DF1D90071579B /* BrandPDFsTests.m in Sources */ = {isa = PBXBuildFile; fileRef = F8EBDE261B1DF1D90071579B /* BrandPDFsTests.m */; };
		F8EBDE321B1DF3C30071579B /* AOMFlashCardVC.m in Sources */ = {isa = PBXBuildFile; fileRef = F8EBDE311B1DF3C30071579B /* AOMFlashCardVC.m */; };
		F8EBDE351B1DF3E80071579B /* SupraxChewableVC.m in Sources */ = {isa = PBXBuildFile; fileRef = F8EBDE341B1DF3E80071579B /* SupraxChewableVC.m */; };
		F8EBDE3B1B1DF4910071579B /* AOM_Flashcard_1.png in Resources */ = {isa = PBXBuildFile; fileRef = F8EBDE361B1DF4910071579B /* AOM_Flashcard_1.png */; };
		F8EBDE3C1B1DF4910071579B /* AOM_Flashcard_2.png in Resources */ = {isa = PBXBuildFile; fileRef = F8EBDE371B1DF4910071579B /* AOM_Flashcard_2.png */; };
		F8EBDE3D1B1DF4910071579B /* Suprax_Chewable_1.png in Resources */ = {isa = PBXBuildFile; fileRef = F8EBDE381B1DF4910071579B /* Suprax_Chewable_1.png */; };
		F8EBDE3E1B1DF4910071579B /* Suprax_Chewable_2.png in Resources */ = {isa = PBXBuildFile; fileRef = F8EBDE391B1DF4910071579B /* Suprax_Chewable_2.png */; };
		F8EBDE3F1B1DF4910071579B /* Suprax_Chewable_3.png in Resources */ = {isa = PBXBuildFile; fileRef = F8EBDE3A1B1DF4910071579B /* Suprax_Chewable_3.png */; };
		F8EBDE441B1E074D0071579B /* JumpToVC.m in Sources */ = {isa = PBXBuildFile; fileRef = F8EBDE431B1E074D0071579B /* JumpToVC.m */; };
/* End PBXBuildFile section */

/* Begin PBXContainerItemProxy section */
		F8EBDE211B1DF1D90071579B /* PBXContainerItemProxy */ = {
			isa = PBXContainerItemProxy;
			containerPortal = F8EBDDFF1B1DF1D90071579B /* Project object */;
			proxyType = 1;
			remoteGlobalIDString = F8EBDE061B1DF1D90071579B;
			remoteInfo = BrandPDFs;
		};
/* End PBXContainerItemProxy section */

/* Begin PBXFileReference section */
		F8EBDE071B1DF1D90071579B /* BrandPDFs.app */ = {isa = PBXFileReference; explicitFileType = wrapper.application; includeInIndex = 0; path = BrandPDFs.app; sourceTree = BUILT_PRODUCTS_DIR; };
		F8EBDE0B1B1DF1D90071579B /* Info.plist */ = {isa = PBXFileReference; lastKnownFileType = text.plist.xml; path = Info.plist; sourceTree = "<group>"; };
		F8EBDE0C1B1DF1D90071579B /* main.m */ = {isa = PBXFileReference; lastKnownFileType = sourcecode.c.objc; path = main.m; sourceTree = "<group>"; };
		F8EBDE0E1B1DF1D90071579B /* AppDelegate.h */ = {isa = PBXFileReference; lastKnownFileType = sourcecode.c.h; path = AppDelegate.h; sourceTree = "<group>"; };
		F8EBDE0F1B1DF1D90071579B /* AppDelegate.m */ = {isa = PBXFileReference; lastKnownFileType = sourcecode.c.objc; path = AppDelegate.m; sourceTree = "<group>"; };
		F8EBDE111B1DF1D90071579B /* ViewController.h */ = {isa = PBXFileReference; lastKnownFileType = sourcecode.c.h; path = ViewController.h; sourceTree = "<group>"; };
		F8EBDE121B1DF1D90071579B /* ViewController.m */ = {isa = PBXFileReference; lastKnownFileType = sourcecode.c.objc; path = ViewController.m; sourceTree = "<group>"; };
		F8EBDE151B1DF1D90071579B /* Base */ = {isa = PBXFileReference; lastKnownFileType = file.storyboard; name = Base; path = Base.lproj/Main.storyboard; sourceTree = "<group>"; };
		F8EBDE171B1DF1D90071579B /* Images.xcassets */ = {isa = PBXFileReference; lastKnownFileType = folder.assetcatalog; path = Images.xcassets; sourceTree = "<group>"; };
		F8EBDE1A1B1DF1D90071579B /* Base */ = {isa = PBXFileReference; lastKnownFileType = file.xib; name = Base; path = Base.lproj/LaunchScreen.xib; sourceTree = "<group>"; };
		F8EBDE201B1DF1D90071579B /* BrandPDFsTests.xctest */ = {isa = PBXFileReference; explicitFileType = wrapper.cfbundle; includeInIndex = 0; path = BrandPDFsTests.xctest; sourceTree = BUILT_PRODUCTS_DIR; };
		F8EBDE251B1DF1D90071579B /* Info.plist */ = {isa = PBXFileReference; lastKnownFileType = text.plist.xml; path = Info.plist; sourceTree = "<group>"; };
		F8EBDE261B1DF1D90071579B /* BrandPDFsTests.m */ = {isa = PBXFileReference; lastKnownFileType = sourcecode.c.objc; path = BrandPDFsTests.m; sourceTree = "<group>"; };
		F8EBDE301B1DF3C30071579B /* AOMFlashCardVC.h */ = {isa = PBXFileReference; fileEncoding = 4; lastKnownFileType = sourcecode.c.h; path = AOMFlashCardVC.h; sourceTree = "<group>"; };
		F8EBDE311B1DF3C30071579B /* AOMFlashCardVC.m */ = {isa = PBXFileReference; fileEncoding = 4; lastKnownFileType = sourcecode.c.objc; path = AOMFlashCardVC.m; sourceTree = "<group>"; };
		F8EBDE331B1DF3E80071579B /* SupraxChewableVC.h */ = {isa = PBXFileReference; fileEncoding = 4; lastKnownFileType = sourcecode.c.h; path = SupraxChewableVC.h; sourceTree = "<group>"; };
		F8EBDE341B1DF3E80071579B /* SupraxChewableVC.m */ = {isa = PBXFileReference; fileEncoding = 4; lastKnownFileType = sourcecode.c.objc; path = SupraxChewableVC.m; sourceTree = "<group>"; };
		F8EBDE361B1DF4910071579B /* AOM_Flashcard_1.png */ = {isa = PBXFileReference; lastKnownFileType = image.png; path = AOM_Flashcard_1.png; sourceTree = "<group>"; };
		F8EBDE371B1DF4910071579B /* AOM_Flashcard_2.png */ = {isa = PBXFileReference; lastKnownFileType = image.png; path = AOM_Flashcard_2.png; sourceTree = "<group>"; };
		F8EBDE381B1DF4910071579B /* Suprax_Chewable_1.png */ = {isa = PBXFileReference; lastKnownFileType = image.png; path = Suprax_Chewable_1.png; sourceTree = "<group>"; };
		F8EBDE391B1DF4910071579B /* Suprax_Chewable_2.png */ = {isa = PBXFileReference; lastKnownFileType = image.png; path = Suprax_Chewable_2.png; sourceTree = "<group>"; };
		F8EBDE3A1B1DF4910071579B /* Suprax_Chewable_3.png */ = {isa = PBXFileReference; lastKnownFileType = image.png; path = Suprax_Chewable_3.png; sourceTree = "<group>"; };
		F8EBDE421B1E074D0071579B /* JumpToVC.h */ = {isa = PBXFileReference; fileEncoding = 4; lastKnownFileType = sourcecode.c.h; path = JumpToVC.h; sourceTree = "<group>"; };
		F8EBDE431B1E074D0071579B /* JumpToVC.m */ = {isa = PBXFileReference; fileEncoding = 4; lastKnownFileType = sourcecode.c.objc; path = JumpToVC.m; sourceTree = "<group>"; };
/* End PBXFileReference section */

/* Begin PBXFrameworksBuildPhase section */
		F8EBDE041B1DF1D90071579B /* Frameworks */ = {
			isa = PBXFrameworksBuildPhase;
			buildActionMask = 2147483647;
			files = (
			);
			runOnlyForDeploymentPostprocessing = 0;
		};
		F8EBDE1D1B1DF1D90071579B /* Frameworks */ = {
			isa = PBXFrameworksBuildPhase;
			buildActionMask = 2147483647;
			files = (
			);
			runOnlyForDeploymentPostprocessing = 0;
		};
/* End PBXFrameworksBuildPhase section */

/* Begin PBXGroup section */
		F8EBDDFE1B1DF1D90071579B = {
			isa = PBXGroup;
			children = (
				F8EBDE091B1DF1D90071579B /* BrandPDFs */,
				F8EBDE231B1DF1D90071579B /* BrandPDFsTests */,
				F8EBDE081B1DF1D90071579B /* Products */,
			);
			sourceTree = "<group>";
		};
		F8EBDE081B1DF1D90071579B /* Products */ = {
			isa = PBXGroup;
			children = (
				F8EBDE071B1DF1D90071579B /* BrandPDFs.app */,
				F8EBDE201B1DF1D90071579B /* BrandPDFsTests.xctest */,
			);
			name = Products;
			sourceTree = "<group>";
		};
		F8EBDE091B1DF1D90071579B /* BrandPDFs */ = {
			isa = PBXGroup;
			children = (
				F8EBDE0E1B1DF1D90071579B /* AppDelegate.h */,
				F8EBDE0F1B1DF1D90071579B /* AppDelegate.m */,
				F8EBDE111B1DF1D90071579B /* ViewController.h */,
				F8EBDE121B1DF1D90071579B /* ViewController.m */,
				F8EBDE141B1DF1D90071579B /* Main.storyboard */,
				F8EBDE451B1E07500071579B /* JumpTo */,
				F8EBDE401B1DF9070071579B /* Suprax Flash Card */,
				F8EBDE411B1DF9130071579B /* AOM */,
				F8EBDE171B1DF1D90071579B /* Images.xcassets */,
				F8EBDE191B1DF1D90071579B /* LaunchScreen.xib */,
				F8EBDE0A1B1DF1D90071579B /* Supporting Files */,
			);
			path = BrandPDFs;
			sourceTree = "<group>";
		};
		F8EBDE0A1B1DF1D90071579B /* Supporting Files */ = {
			isa = PBXGroup;
			children = (
				F8EBDE361B1DF4910071579B /* AOM_Flashcard_1.png */,
				F8EBDE371B1DF4910071579B /* AOM_Flashcard_2.png */,
				F8EBDE381B1DF4910071579B /* Suprax_Chewable_1.png */,
				F8EBDE391B1DF4910071579B /* Suprax_Chewable_2.png */,
				F8EBDE3A1B1DF4910071579B /* Suprax_Chewable_3.png */,
				F8EBDE0B1B1DF1D90071579B /* Info.plist */,
				F8EBDE0C1B1DF1D90071579B /* main.m */,
			);
			name = "Supporting Files";
			sourceTree = "<group>";
		};
		F8EBDE231B1DF1D90071579B /* BrandPDFsTests */ = {
			isa = PBXGroup;
			children = (
				F8EBDE261B1DF1D90071579B /* BrandPDFsTests.m */,
				F8EBDE241B1DF1D90071579B /* Supporting Files */,
			);
			path = BrandPDFsTests;
			sourceTree = "<group>";
		};
		F8EBDE241B1DF1D90071579B /* Supporting Files */ = {
			isa = PBXGroup;
			children = (
				F8EBDE251B1DF1D90071579B /* Info.plist */,
			);
			name = "Supporting Files";
			sourceTree = "<group>";
		};
		F8EBDE401B1DF9070071579B /* Suprax Flash Card */ = {
			isa = PBXGroup;
			children = (
				F8EBDE331B1DF3E80071579B /* SupraxChewableVC.h */,
				F8EBDE341B1DF3E80071579B /* SupraxChewableVC.m */,
			);
			name = "Suprax Flash Card";
			sourceTree = "<group>";
		};
		F8EBDE411B1DF9130071579B /* AOM */ = {
			isa = PBXGroup;
			children = (
				F8EBDE301B1DF3C30071579B /* AOMFlashCardVC.h */,
				F8EBDE311B1DF3C30071579B /* AOMFlashCardVC.m */,
			);
			name = AOM;
			sourceTree = "<group>";
		};
		F8EBDE451B1E07500071579B /* JumpTo */ = {
			isa = PBXGroup;
			children = (
				F8EBDE421B1E074D0071579B /* JumpToVC.h */,
				F8EBDE431B1E074D0071579B /* JumpToVC.m */,
			);
			name = JumpTo;
			sourceTree = "<group>";
		};
/* End PBXGroup section */

/* Begin PBXNativeTarget section */
		F8EBDE061B1DF1D90071579B /* BrandPDFs */ = {
			isa = PBXNativeTarget;
			buildConfigurationList = F8EBDE2A1B1DF1D90071579B /* Build configuration list for PBXNativeTarget "BrandPDFs" */;
			buildPhases = (
				F8EBDE031B1DF1D90071579B /* Sources */,
				F8EBDE041B1DF1D90071579B /* Frameworks */,
				F8EBDE051B1DF1D90071579B /* Resources */,
			);
			buildRules = (
			);
			dependencies = (
			);
			name = BrandPDFs;
			productName = BrandPDFs;
			productReference = F8EBDE071B1DF1D90071579B /* BrandPDFs.app */;
			productType = "com.apple.product-type.application";
		};
		F8EBDE1F1B1DF1D90071579B /* BrandPDFsTests */ = {
			isa = PBXNativeTarget;
			buildConfigurationList = F8EBDE2D1B1DF1D90071579B /* Build configuration list for PBXNativeTarget "BrandPDFsTests" */;
			buildPhases = (
				F8EBDE1C1B1DF1D90071579B /* Sources */,
				F8EBDE1D1B1DF1D90071579B /* Frameworks */,
				F8EBDE1E1B1DF1D90071579B /* Resources */,
			);
			buildRules = (
			);
			dependencies = (
				F8EBDE221B1DF1D90071579B /* PBXTargetDependency */,
			);
			name = BrandPDFsTests;
			productName = BrandPDFsTests;
			productReference = F8EBDE201B1DF1D90071579B /* BrandPDFsTests.xctest */;
			productType = "com.apple.product-type.bundle.unit-test";
		};
/* End PBXNativeTarget section */

/* Begin PBXProject section */
		F8EBDDFF1B1DF1D90071579B /* Project object */ = {
			isa = PBXProject;
			attributes = {
				LastUpgradeCheck = 0630;
				ORGANIZATIONNAME = LPI;
				TargetAttributes = {
					F8EBDE061B1DF1D90071579B = {
						CreatedOnToolsVersion = 6.3.1;
						DevelopmentTeam = 87DKUX55Q9;
					};
					F8EBDE1F1B1DF1D90071579B = {
						CreatedOnToolsVersion = 6.3.1;
						TestTargetID = F8EBDE061B1DF1D90071579B;
					};
				};
			};
			buildConfigurationList = F8EBDE021B1DF1D90071579B /* Build configuration list for PBXProject "BrandPDFs" */;
			compatibilityVersion = "Xcode 3.2";
			developmentRegion = English;
			hasScannedForEncodings = 0;
			knownRegions = (
				en,
				Base,
			);
			mainGroup = F8EBDDFE1B1DF1D90071579B;
			productRefGroup = F8EBDE081B1DF1D90071579B /* Products */;
			projectDirPath = "";
			projectRoot = "";
			targets = (
				F8EBDE061B1DF1D90071579B /* BrandPDFs */,
				F8EBDE1F1B1DF1D90071579B /* BrandPDFsTests */,
			);
		};
/* End PBXProject section */

/* Begin PBXResourcesBuildPhase section */
		F8EBDE051B1DF1D90071579B /* Resources */ = {
			isa = PBXResourcesBuildPhase;
			buildActionMask = 2147483647;
			files = (
				F8EBDE161B1DF1D90071579B /* Main.storyboard in Resources */,
				F8EBDE1B1B1DF1D90071579B /* LaunchScreen.xib in Resources */,
				F8EBDE3B1B1DF4910071579B /* AOM_Flashcard_1.png in Resources */,
				F8EBDE3D1B1DF4910071579B /* Suprax_Chewable_1.png in Resources */,
				F8EBDE3C1B1DF4910071579B /* AOM_Flashcard_2.png in Resources */,
				F8EBDE181B1DF1D90071579B /* Images.xcassets in Resources */,
				F8EBDE3E1B1DF4910071579B /* Suprax_Chewable_2.png in Resources */,
				F8EBDE3F1B1DF4910071579B /* Suprax_Chewable_3.png in Resources */,
			);
			runOnlyForDeploymentPostprocessing = 0;
		};
		F8EBDE1E1B1DF1D90071579B /* Resources */ = {
			isa = PBXResourcesBuildPhase;
			buildActionMask = 2147483647;
			files = (
			);
			runOnlyForDeploymentPostprocessing = 0;
		};
/* End PBXResourcesBuildPhase section */

/* Begin PBXSourcesBuildPhase section */
		F8EBDE031B1DF1D90071579B /* Sources */ = {
			isa = PBXSourcesBuildPhase;
			buildActionMask = 2147483647;
			files = (
				F8EBDE351B1DF3E80071579B /* SupraxChewableVC.m in Sources */,
				F8EBDE441B1E074D0071579B /* JumpToVC.m in Sources */,
				F8EBDE131B1DF1D90071579B /* ViewController.m in Sources */,
				F8EBDE321B1DF3C30071579B /* AOMFlashCardVC.m in Sources */,
				F8EBDE101B1DF1D90071579B /* AppDelegate.m in Sources */,
				F8EBDE0D1B1DF1D90071579B /* main.m in Sources */,
			);
			runOnlyForDeploymentPostprocessing = 0;
		};
		F8EBDE1C1B1DF1D90071579B /* Sources */ = {
			isa = PBXSourcesBuildPhase;
			buildActionMask = 2147483647;
			files = (
				F8EBDE271B1DF1D90071579B /* BrandPDFsTests.m in Sources */,
			);
			runOnlyForDeploymentPostprocessing = 0;
		};
/* End PBXSourcesBuildPhase section */

/* Begin PBXTargetDependency section */
		F8EBDE221B1DF1D90071579B /* PBXTargetDependency */ = {
			isa = PBXTargetDependency;
			target = F8EBDE061B1DF1D90071579B /* BrandPDFs */;
			targetProxy = F8EBDE211B1DF1D90071579B /* PBXContainerItemProxy */;
		};
/* End PBXTargetDependency section */

/* Begin PBXVariantGroup section */
		F8EBDE141B1DF1D90071579B /* Main.storyboard */ = {
			isa = PBXVariantGroup;
			children = (
				F8EBDE151B1DF1D90071579B /* Base */,
			);
			name = Main.storyboard;
			sourceTree = "<group>";
		};
		F8EBDE191B1DF1D90071579B /* LaunchScreen.xib */ = {
			isa = PBXVariantGroup;
			children = (
				F8EBDE1A1B1DF1D90071579B /* Base */,
			);
			name = LaunchScreen.xib;
			sourceTree = "<group>";
		};
/* End PBXVariantGroup section */

/* Begin XCBuildConfiguration section */
		F8EBDE281B1DF1D90071579B /* Debug */ = {
			isa = XCBuildConfiguration;
			buildSettings = {
				ALWAYS_SEARCH_USER_PATHS = NO;
				CLANG_CXX_LANGUAGE_STANDARD = "gnu++0x";
				CLANG_CXX_LIBRARY = "libc++";
				CLANG_ENABLE_MODULES = YES;
				CLANG_ENABLE_OBJC_ARC = YES;
				CLANG_WARN_BOOL_CONVERSION = YES;
				CLANG_WARN_CONSTANT_CONVERSION = YES;
				CLANG_WARN_DIRECT_OBJC_ISA_USAGE = YES_ERROR;
				CLANG_WARN_EMPTY_BODY = YES;
				CLANG_WARN_ENUM_CONVERSION = YES;
				CLANG_WARN_INT_CONVERSION = YES;
				CLANG_WARN_OBJC_ROOT_CLASS = YES_ERROR;
				CLANG_WARN_UNREACHABLE_CODE = YES;
				CLANG_WARN__DUPLICATE_METHOD_MATCH = YES;
				CODE_SIGN_IDENTITY = "iPhone Distribution: Lupin Pharmaceuticals, Inc.";
				"CODE_SIGN_IDENTITY[sdk=iphoneos*]" = "iPhone Distribution: Lupin Pharmaceuticals, Inc.";
				COPY_PHASE_STRIP = NO;
				DEBUG_INFORMATION_FORMAT = "dwarf-with-dsym";
				ENABLE_STRICT_OBJC_MSGSEND = YES;
				GCC_C_LANGUAGE_STANDARD = gnu99;
				GCC_DYNAMIC_NO_PIC = NO;
				GCC_NO_COMMON_BLOCKS = YES;
				GCC_OPTIMIZATION_LEVEL = 0;
				GCC_PREPROCESSOR_DEFINITIONS = (
					"DEBUG=1",
					"$(inherited)",
				);
				GCC_SYMBOLS_PRIVATE_EXTERN = NO;
				GCC_WARN_64_TO_32_BIT_CONVERSION = YES;
				GCC_WARN_ABOUT_RETURN_TYPE = YES_ERROR;
				GCC_WARN_UNDECLARED_SELECTOR = YES;
				GCC_WARN_UNINITIALIZED_AUTOS = YES_AGGRESSIVE;
				GCC_WARN_UNUSED_FUNCTION = YES;
				GCC_WARN_UNUSED_VARIABLE = YES;
				IPHONEOS_DEPLOYMENT_TARGET = 8.3;
				MTL_ENABLE_DEBUG_INFO = YES;
				ONLY_ACTIVE_ARCH = YES;
				PROVISIONING_PROFILE = "ef42f916-cab5-48c0-9ce4-6df2d729fe7d";
				SDKROOT = iphoneos;
				TARGETED_DEVICE_FAMILY = 2;
			};
			name = Debug;
		};
		F8EBDE291B1DF1D90071579B /* Release */ = {
			isa = XCBuildConfiguration;
			buildSettings = {
				ALWAYS_SEARCH_USER_PATHS = NO;
				CLANG_CXX_LANGUAGE_STANDARD = "gnu++0x";
				CLANG_CXX_LIBRARY = "libc++";
				CLANG_ENABLE_MODULES = YES;
				CLANG_ENABLE_OBJC_ARC = YES;
				CLANG_WARN_BOOL_CONVERSION = YES;
				CLANG_WARN_CONSTANT_CONVERSION = YES;
				CLANG_WARN_DIRECT_OBJC_ISA_USAGE = YES_ERROR;
				CLANG_WARN_EMPTY_BODY = YES;
				CLANG_WARN_ENUM_CONVERSION = YES;
				CLANG_WARN_INT_CONVERSION = YES;
				CLANG_WARN_OBJC_ROOT_CLASS = YES_ERROR;
				CLANG_WARN_UNREACHABLE_CODE = YES;
				CLANG_WARN__DUPLICATE_METHOD_MATCH = YES;
				CODE_SIGN_IDENTITY = "iPhone Distribution: Lupin Pharmaceuticals, Inc.";
				"CODE_SIGN_IDENTITY[sdk=iphoneos*]" = "iPhone Distribution: Lupin Pharmaceuticals, Inc.";
				COPY_PHASE_STRIP = NO;
				DEBUG_INFORMATION_FORMAT = "dwarf-with-dsym";
				ENABLE_NS_ASSERTIONS = NO;
				ENABLE_STRICT_OBJC_MSGSEND = YES;
				GCC_C_LANGUAGE_STANDARD = gnu99;
				GCC_NO_COMMON_BLOCKS = YES;
				GCC_WARN_64_TO_32_BIT_CONVERSION = YES;
				GCC_WARN_ABOUT_RETURN_TYPE = YES_ERROR;
				GCC_WARN_UNDECLARED_SELECTOR = YES;
				GCC_WARN_UNINITIALIZED_AUTOS = YES_AGGRESSIVE;
				GCC_WARN_UNUSED_FUNCTION = YES;
				GCC_WARN_UNUSED_VARIABLE = YES;
				IPHONEOS_DEPLOYMENT_TARGET = 8.3;
				MTL_ENABLE_DEBUG_INFO = NO;
				PROVISIONING_PROFILE = "ef42f916-cab5-48c0-9ce4-6df2d729fe7d";
				SDKROOT = iphoneos;
				TARGETED_DEVICE_FAMILY = 2;
				VALIDATE_PRODUCT = YES;
			};
			name = Release;
		};
		F8EBDE2B1B1DF1D90071579B /* Debug */ = {
			isa = XCBuildConfiguration;
			buildSettings = {
				ASSETCATALOG_COMPILER_APPICON_NAME = AppIcon;
				CODE_SIGN_IDENTITY = "iPhone Distribution: Lupin Pharmaceuticals, Inc.";
				INFOPLIST_FILE = BrandPDFs/Info.plist;
				IPHONEOS_DEPLOYMENT_TARGET = 7.0;
				LD_RUNPATH_SEARCH_PATHS = "$(inherited) @executable_path/Frameworks";
				PRODUCT_NAME = "$(TARGET_NAME)";
				PROVISIONING_PROFILE = "ef42f916-cab5-48c0-9ce4-6df2d729fe7d";
			};
			name = Debug;
		};
		F8EBDE2C1B1DF1D90071579B /* Release */ = {
			isa = XCBuildConfiguration;
			buildSettings = {
				ASSETCATALOG_COMPILER_APPICON_NAME = AppIcon;
				CODE_SIGN_IDENTITY = "iPhone Distribution: Lupin Pharmaceuticals, Inc.";
				INFOPLIST_FILE = BrandPDFs/Info.plist;
				IPHONEOS_DEPLOYMENT_TARGET = 7.0;
				LD_RUNPATH_SEARCH_PATHS = "$(inherited) @executable_path/Frameworks";
				PRODUCT_NAME = "$(TARGET_NAME)";
				PROVISIONING_PROFILE = "ef42f916-cab5-48c0-9ce4-6df2d729fe7d";
			};
			name = Release;
		};
		F8EBDE2E1B1DF1D90071579B /* Debug */ = {
			isa = XCBuildConfiguration;
			buildSettings = {
				BUNDLE_LOADER = "$(TEST_HOST)";
				FRAMEWORK_SEARCH_PATHS = (
					"$(SDKROOT)/Developer/Library/Frameworks",
					"$(inherited)",
				);
				GCC_PREPROCESSOR_DEFINITIONS = (
					"DEBUG=1",
					"$(inherited)",
				);
				INFOPLIST_FILE = BrandPDFsTests/Info.plist;
				LD_RUNPATH_SEARCH_PATHS = "$(inherited) @executable_path/Frameworks @loader_path/Frameworks";
				PRODUCT_NAME = "$(TARGET_NAME)";
				TEST_HOST = "$(BUILT_PRODUCTS_DIR)/BrandPDFs.app/BrandPDFs";
			};
			name = Debug;
		};
		F8EBDE2F1B1DF1D90071579B /* Release */ = {
			isa = XCBuildConfiguration;
			buildSettings = {
				BUNDLE_LOADER = "$(TEST_HOST)";
				FRAMEWORK_SEARCH_PATHS = (
					"$(SDKROOT)/Developer/Library/Frameworks",
					"$(inherited)",
				);
				INFOPLIST_FILE = BrandPDFsTests/Info.plist;
				LD_RUNPATH_SEARCH_PATHS = "$(inherited) @executable_path/Frameworks @loader_path/Frameworks";
				PRODUCT_NAME = "$(TARGET_NAME)";
				TEST_HOST = "$(BUILT_PRODUCTS_DIR)/BrandPDFs.app/BrandPDFs";
			};
			name = Release;
		};
/* End XCBuildConfiguration section */

/* Begin XCConfigurationList section */
		F8EBDE021B1DF1D90071579B /* Build configuration list for PBXProject "BrandPDFs" */ = {
			isa = XCConfigurationList;
			buildConfigurations = (
				F8EBDE281B1DF1D90071579B /* Debug */,
				F8EBDE291B1DF1D90071579B /* Release */,
			);
			defaultConfigurationIsVisible = 0;
			defaultConfigurationName = Release;
		};
		F8EBDE2A1B1DF1D90071579B /* Build configuration list for PBXNativeTarget "BrandPDFs" */ = {
			isa = XCConfigurationList;
			buildConfigurations = (
				F8EBDE2B1B1DF1D90071579B /* Debug */,
				F8EBDE2C1B1DF1D90071579B /* Release */,
			);
			defaultConfigurationIsVisible = 0;
			defaultConfigurationName = Release;
		};
		F8EBDE2D1B1DF1D90071579B /* Build configuration list for PBXNativeTarget "BrandPDFsTests" */ = {
			isa = XCConfigurationList;
			buildConfigurations = (
				F8EBDE2E1B1DF1D90071579B /* Debug */,
				F8EBDE2F1B1DF1D90071579B /* Release */,
			);
			defaultConfigurationIsVisible = 0;
			defaultConfigurationName = Release;
		};
/* End XCConfigurationList section */
	};
	rootObject = F8EBDDFF1B1DF1D90071579B /* Project object */;
}
